
Microsoft Visual Studio Solution File, Format Version 12.00
# Visual Studio Version 16
VisualStudioVersion = 16.0.29306.81
MinimumVisualStudioVersion = 10.0.40219.1
Project("{FAE04EC0-301F-11D3-BF4B-00C04F79EFBC}") = "Image_Editor", "Image-Editor\Image_Editor.csproj", "{4AB78F3A-D7F6-49CD-AABD-AEDEB5859893}"
EndProject
Global
	GlobalSection(SolutionConfigurationPlatforms) = preSolution
		Debug|Any CPU = Debug|Any CPU
		Release|Any CPU = Release|Any CPU
	EndGlobalSection
	GlobalSection(ProjectConfigurationPlatforms) = postSolution
		{4AB78F3A-D7F6-49CD-AABD-AEDEB5859893}.Debug|Any CPU.ActiveCfg = Debug|Any CPU
		{4AB78F3A-D7F6-49CD-AABD-AEDEB5859893}.Debug|Any CPU.Build.0 = Debug|Any CPU
		{4AB78F3A-D7F6-49CD-AABD-AEDEB5859893}.Release|Any CPU.ActiveCfg = Release|Any CPU
		{4AB78F3A-D7F6-49CD-AABD-AEDEB5859893}.Release|Any CPU.Build.0 = Release|Any CPU
	EndGlobalSection
	GlobalSection(SolutionProperties) = preSolution
		HideSolutionNode = FALSE
	EndGlobalSection
	GlobalSection(ExtensibilityGlobals) = postSolution
		SolutionGuid = {1195FCDD-8033-4CC4-B235-56FA8ACADFB9}
	EndGlobalSection
EndGlobal
